// !$*UTF8*$!
{
	archiveVersion = 1;
	classes = {
	};
	objectVersion = 46;
	objects = {

/* Begin PBXBuildFile section */
		106A60741ECA67FB00D5E4F3 /* models.swift in Sources */ = {isa = PBXBuildFile; fileRef = 106A60731ECA67FB00D5E4F3 /* models.swift */; };
		106C2E911EC68040000DE2FC /* AppDelegate.swift in Sources */ = {isa = PBXBuildFile; fileRef = 106C2E901EC68040000DE2FC /* AppDelegate.swift */; };
		106C2E931EC68040000DE2FC /* ViewController.swift in Sources */ = {isa = PBXBuildFile; fileRef = 106C2E921EC68040000DE2FC /* ViewController.swift */; };
		106C2E981EC68040000DE2FC /* Assets.xcassets in Resources */ = {isa = PBXBuildFile; fileRef = 106C2E971EC68040000DE2FC /* Assets.xcassets */; };
		106C2E9B1EC68040000DE2FC /* LaunchScreen.storyboard in Resources */ = {isa = PBXBuildFile; fileRef = 106C2E991EC68040000DE2FC /* LaunchScreen.storyboard */; };
/* End PBXBuildFile section */

/* Begin PBXFileReference section */
		106A60731ECA67FB00D5E4F3 /* models.swift */ = {isa = PBXFileReference; fileEncoding = 4; lastKnownFileType = sourcecode.swift; path = models.swift; sourceTree = "<group>"; };
		106C2E8D1EC68040000DE2FC /* kindle.app */ = {isa = PBXFileReference; explicitFileType = wrapper.application; includeInIndex = 0; path = kindle.app; sourceTree = BUILT_PRODUCTS_DIR; };
		106C2E901EC68040000DE2FC /* AppDelegate.swift */ = {isa = PBXFileReference; lastKnownFileType = sourcecode.swift; path = AppDelegate.swift; sourceTree = "<group>"; };
		106C2E921EC68040000DE2FC /* ViewController.swift */ = {isa = PBXFileReference; lastKnownFileType = sourcecode.swift; path = ViewController.swift; sourceTree = "<group>"; };
		106C2E971EC68040000DE2FC /* Assets.xcassets */ = {isa = PBXFileReference; lastKnownFileType = folder.assetcatalog; path = Assets.xcassets; sourceTree = "<group>"; };
		106C2E9A1EC68040000DE2FC /* Base */ = {isa = PBXFileReference; lastKnownFileType = file.storyboard; name = Base; path = Base.lproj/LaunchScreen.storyboard; sourceTree = "<group>"; };
		106C2E9C1EC68040000DE2FC /* Info.plist */ = {isa = PBXFileReference; lastKnownFileType = text.plist.xml; path = Info.plist; sourceTree = "<group>"; };
/* End PBXFileReference section */

/* Begin PBXFrameworksBuildPhase section */
		106C2E8A1EC6803F000DE2FC /* Frameworks */ = {
			isa = PBXFrameworksBuildPhase;
			buildActionMask = 2147483647;
			files = (
			);
			runOnlyForDeploymentPostprocessing = 0;
		};
/* End PBXFrameworksBuildPhase section */

/* Begin PBXGroup section */
		106C2E841EC6803F000DE2FC = {
			isa = PBXGroup;
			children = (
				106C2E8F1EC68040000DE2FC /* kindle */,
				106C2E8E1EC68040000DE2FC /* Products */,
			);
			sourceTree = "<group>";
		};
		106C2E8E1EC68040000DE2FC /* Products */ = {
			isa = PBXGroup;
			children = (
				106C2E8D1EC68040000DE2FC /* kindle.app */,
			);
			name = Products;
			sourceTree = "<group>";
		};
		106C2E8F1EC68040000DE2FC /* kindle */ = {
			isa = PBXGroup;
			children = (
				106C2E901EC68040000DE2FC /* AppDelegate.swift */,
				106C2E921EC68040000DE2FC /* ViewController.swift */,
				106C2E971EC68040000DE2FC /* Assets.xcassets */,
				106C2E991EC68040000DE2FC /* LaunchScreen.storyboard */,
				106C2E9C1EC68040000DE2FC /* Info.plist */,
				106A60731ECA67FB00D5E4F3 /* models.swift */,
			);
			path = kindle;
			sourceTree = "<group>";
		};
/* End PBXGroup section */

/* Begin PBXNativeTarget section */
		106C2E8C1EC6803F000DE2FC /* kindle */ = {
			isa = PBXNativeTarget;
			buildConfigurationList = 106C2E9F1EC68040000DE2FC /* Build configuration list for PBXNativeTarget "kindle" */;
			buildPhases = (
				106C2E891EC6803F000DE2FC /* Sources */,
				106C2E8A1EC6803F000DE2FC /* Frameworks */,
				106C2E8B1EC6803F000DE2FC /* Resources */,
			);
			buildRules = (
			);
			dependencies = (
			);
			name = kindle;
			productName = kindle;
			productReference = 106C2E8D1EC68040000DE2FC /* kindle.app */;
			productType = "com.apple.product-type.application";
		};
/* End PBXNativeTarget section */

/* Begin PBXProject section */
		106C2E851EC6803F000DE2FC /* Project object */ = {
			isa = PBXProject;
			attributes = {
				LastSwiftUpdateCheck = 0820;
				LastUpgradeCheck = 0820;
				ORGANIZATIONNAME = "marvin evins";
				TargetAttributes = {
					106C2E8C1EC6803F000DE2FC = {
						CreatedOnToolsVersion = 8.2.1;
						DevelopmentTeam = SN83872X5M;
						ProvisioningStyle = Automatic;
					};
				};
			};
			buildConfigurationList = 106C2E881EC6803F000DE2FC /* Build configuration list for PBXProject "kindle" */;
			compatibilityVersion = "Xcode 3.2";
			developmentRegion = English;
			hasScannedForEncodings = 0;
			knownRegions = (
				en,
				Base,
			);
			mainGroup = 106C2E841EC6803F000DE2FC;
			productRefGroup = 106C2E8E1EC68040000DE2FC /* Products */;
			projectDirPath = "";
			projectRoot = "";
			targets = (
				106C2E8C1EC6803F000DE2FC /* kindle */,
			);
		};
/* End PBXProject section */

/* Begin PBXResourcesBuildPhase section */
		106C2E8B1EC6803F000DE2FC /* Resources */ = {
			isa = PBXResourcesBuildPhase;
			buildActionMask = 2147483647;
			files = (
				106C2E9B1EC68040000DE2FC /* LaunchScreen.storyboard in Resources */,
				106C2E981EC68040000DE2FC /* Assets.xcassets in Resources */,
			);
			runOnlyForDeploymentPostprocessing = 0;
		};
/* End PBXResourcesBuildPhase section */

/* Begin PBXSourcesBuildPhase section */
		106C2E891EC6803F000DE2FC /* Sources */ = {
			isa = PBXSourcesBuildPhase;
			buildActionMask = 2147483647;
			files = (
				106C2E931EC68040000DE2FC /* ViewController.swift in Sources */,
				106A60741ECA67FB00D5E4F3 /* models.swift in Sources */,
				106C2E911EC68040000DE2FC /* AppDelegate.swift in Sources */,
			);
			runOnlyForDeploymentPostprocessing = 0;
		};
/* End PBXSourcesBuildPhase section */

/* Begin PBXVariantGroup section */
		106C2E991EC68040000DE2FC /* LaunchScreen.storyboard */ = {
			isa = PBXVariantGroup;
			children = (
				106C2E9A1EC68040000DE2FC /* Base */,
			);
			name = LaunchScreen.storyboard;
			sourceTree = "<group>";
		};
/* End PBXVariantGroup section */

/* Begin XCBuildConfiguration section */
		106C2E9D1EC68040000DE2FC /* Debug */ = {
			isa = XCBuildConfiguration;
			buildSettings = {
				ALWAYS_SEARCH_USER_PATHS = NO;
				CLANG_ANALYZER_NONNULL = YES;
				CLANG_CXX_LANGUAGE_STANDARD = "gnu++0x";
				CLANG_CXX_LIBRARY = "libc++";
				CLANG_ENABLE_MODULES = YES;
				CLANG_ENABLE_OBJC_ARC = YES;
				CLANG_WARN_BOOL_CONVERSION = YES;
				CLANG_WARN_CONSTANT_CONVERSION = YES;
				CLANG_WARN_DIRECT_OBJC_ISA_USAGE = YES_ERROR;
				CLANG_WARN_DOCUMENTATION_COMMENTS = YES;
				CLANG_WARN_EMPTY_BODY = YES;
				CLANG_WARN_ENUM_CONVERSION = YES;
				CLANG_WARN_INFINITE_RECURSION = YES;
				CLANG_WARN_INT_CONVERSION = YES;
				CLANG_WARN_OBJC_ROOT_CLASS = YES_ERROR;
				CLANG_WARN_SUSPICIOUS_MOVE = YES;
				CLANG_WARN_UNREACHABLE_CODE = YES;
				CLANG_WARN__DUPLICATE_METHOD_MATCH = YES;
				"CODE_SIGN_IDENTITY[sdk=iphoneos*]" = "iPhone Developer";
				COPY_PHASE_STRIP = NO;
				DEBUG_INFORMATION_FORMAT = dwarf;
				ENABLE_STRICT_OBJC_MSGSEND = YES;
				ENABLE_TESTABILITY = YES;
				GCC_C_LANGUAGE_STANDARD = gnu99;
				GCC_DYNAMIC_NO_PIC = NO;
				GCC_NO_COMMON_BLOCKS = YES;
				GCC_OPTIMIZATION_LEVEL = 0;
				GCC_PREPROCESSOR_DEFINITIONS = (
					"DEBUG=1",
					"$(inherited)",
				);
				GCC_WARN_64_TO_32_BIT_CONVERSION = YES;
				GCC_WARN_ABOUT_RETURN_TYPE = YES_ERROR;
				GCC_WARN_UNDECLARED_SELECTOR = YES;
				GCC_WARN_UNINITIALIZED_AUTOS = YES_AGGRESSIVE;
				GCC_WARN_UNUSED_FUNCTION = YES;
				GCC_WARN_UNUSED_VARIABLE = YES;
				IPHONEOS_DEPLOYMENT_TARGET = 10.2;
				MTL_ENABLE_DEBUG_INFO = YES;
				ONLY_ACTIVE_ARCH = YES;
				SDKROOT = iphoneos;
				SWIFT_ACTIVE_COMPILATION_CONDITIONS = DEBUG;
				SWIFT_OPTIMIZATION_LEVEL = "-Onone";
				TARGETED_DEVICE_FAMILY = "1,2";
			};
			name = Debug;
		};
		106C2E9E1EC68040000DE2FC /* Release */ = {
			isa = XCBuildConfiguration;
			buildSettings = {
				ALWAYS_SEARCH_USER_PATHS = NO;
				CLANG_ANALYZER_NONNULL = YES;
				CLANG_CXX_LANGUAGE_STANDARD = "gnu++0x";
				CLANG_CXX_LIBRARY = "libc++";
				CLANG_ENABLE_MODULES = YES;
				CLANG_ENABLE_OBJC_ARC = YES;
				CLANG_WARN_BOOL_CONVERSION = YES;
				CLANG_WARN_CONSTANT_CONVERSION = YES;
				CLANG_WARN_DIRECT_OBJC_ISA_USAGE = YES_ERROR;
				CLANG_WARN_DOCUMENTATION_COMMENTS = YES;
				CLANG_WARN_EMPTY_BODY = YES;
				CLANG_WARN_ENUM_CONVERSION = YES;
				CLANG_WARN_INFINITE_RECURSION = YES;
				CLANG_WARN_INT_CONVERSION = YES;
				CLANG_WARN_OBJC_ROOT_CLASS = YES_ERROR;
				CLANG_WARN_SUSPICIOUS_MOVE = YES;
				CLANG_WARN_UNREACHABLE_CODE = YES;
				CLANG_WARN__DUPLICATE_METHOD_MATCH = YES;
				"CODE_SIGN_IDENTITY[sdk=iphoneos*]" = "iPhone Developer";
				COPY_PHASE_STRIP = NO;
				DEBUG_INFORMATION_FORMAT = "dwarf-with-dsym";
				ENABLE_NS_ASSERTIONS = NO;
				ENABLE_STRICT_OBJC_MSGSEND = YES;
				GCC_C_LANGUAGE_STANDARD = gnu99;
				GCC_NO_COMMON_BLOCKS = YES;
				GCC_WARN_64_TO_32_BIT_CONVERSION = YES;
				GCC_WARN_ABOUT_RETURN_TYPE = YES_ERROR;
				GCC_WARN_UNDECLARED_SELECTOR = YES;
				GCC_WARN_UNINITIALIZED_AUTOS = YES_AGGRESSIVE;
				GCC_WARN_UNUSED_FUNCTION = YES;
				GCC_WARN_UNUSED_VARIABLE = YES;
				IPHONEOS_DEPLOYMENT_TARGET = 10.2;
				MTL_ENABLE_DEBUG_INFO = NO;
				SDKROOT = iphoneos;
				SWIFT_OPTIMIZATION_LEVEL = "-Owholemodule";
				TARGETED_DEVICE_FAMILY = "1,2";
				VALIDATE_PRODUCT = YES;
			};
			name = Release;
		};
		106C2EA01EC68040000DE2FC /* Debug */ = {
			isa = XCBuildConfiguration;
			buildSettings = {
				ASSETCATALOG_COMPILER_APPICON_NAME = AppIcon;
				DEVELOPMENT_TEAM = SN83872X5M;
				INFOPLIST_FILE = kindle/Info.plist;
				LD_RUNPATH_SEARCH_PATHS = "$(inherited) @executable_path/Frameworks";
				PRODUCT_BUNDLE_IDENTIFIER = udevdesign.com.kindle;
				PRODUCT_NAME = "$(TARGET_NAME)";
				SWIFT_VERSION = 3.0;
			};
			name = Debug;
		};
		106C2EA11EC68040000DE2FC /* Release */ = {
			isa = XCBuildConfiguration;
			buildSettings = {
				ASSETCATALOG_COMPILER_APPICON_NAME = AppIcon;
				DEVELOPMENT_TEAM = SN83872X5M;
				INFOPLIST_FILE = kindle/Info.plist;
				LD_RUNPATH_SEARCH_PATHS = "$(inherited) @executable_path/Frameworks";
				PRODUCT_BUNDLE_IDENTIFIER = udevdesign.com.kindle;
				PRODUCT_NAME = "$(TARGET_NAME)";
				SWIFT_VERSION = 3.0;
			};
			name = Release;
		};
/* End XCBuildConfiguration section */

/* Begin XCConfigurationList section */
		106C2E881EC6803F000DE2FC /* Build configuration list for PBXProject "kindle" */ = {
			isa = XCConfigurationList;
			buildConfigurations = (
				106C2E9D1EC68040000DE2FC /* Debug */,
				106C2E9E1EC68040000DE2FC /* Release */,
			);
			defaultConfigurationIsVisible = 0;
			defaultConfigurationName = Release;
		};
		106C2E9F1EC68040000DE2FC /* Build configuration list for PBXNativeTarget "kindle" */ = {
			isa = XCConfigurationList;
			buildConfigurations = (
				106C2EA01EC68040000DE2FC /* Debug */,
				106C2EA11EC68040000DE2FC /* Release */,
			);
			defaultConfigurationIsVisible = 0;
			defaultConfigurationName = Release;
		};
/* End XCConfigurationList section */
	};
	rootObject = 106C2E851EC6803F000DE2FC /* Project object */;
}
